{
  "name": "hanamesh-plugin-identity",
  "version": "0.1.0-rc.1",
  "lockfileVersion": 3,
  "requires": true,
  "packages": {
    "": {
      "name": "hanamesh-plugin-identity",
      "version": "0.1.0-rc.1",
      "license": "UNLICENSED",
      "engines": {
        "node": "24.13.1"
      },
      "peerDependencies": {
        "@deepseek-ai/cordis": "4.0.2",
        "@deepseek-ai/dsh-client-connection": "0.1.5-alpha.1",
        "@deepseek-ai/dsh-host-webserver": "0.1.5-alpha.1",
        "@deepseek-ai/dsh-storage-domain": "0.1.5-alpha.1",
        "hanamesh-ui-kit": "0.1.0-rc.3",
        "zod": "4.4.3"
      }
    }
  }
}
